
Microsoft Visual Studio Solution File, Format Version 12.00
# Visual Studio Version 16
VisualStudioVersion = 16.0.30717.126
MinimumVisualStudioVersion = 15.0.26124.0
Project("{2150E333-8FDC-42A3-9474-1A3956D46DE8}") = "src", "src", "{B928702E-3438-40BB-B6A5-DEBDB5D09F6A}"
EndProject
Project("{9A19103F-16F7-4668-BE54-9A1E7A4F7556}") = "Goiar.Simple.Cqrs", "src\Goiar.Simple.Cqrs\Goiar.Simple.Cqrs.csproj", "{BDF171AC-E76B-4AAB-83AB-C92D534B4623}"
EndProject
Project("{2150E333-8FDC-42A3-9474-1A3956D46DE8}") = "test", "test", "{83D59BE5-6E80-41B6-AE05-1C8B80872B04}"
EndProject
Project("{9A19103F-16F7-4668-BE54-9A1E7A4F7556}") = "Goiar.Simple.Cqrs.test", "test\Goiar.Simple.Cqrs.test\Goiar.Simple.Cqrs.test.csproj", "{C84D9759-EC92-4C06-995A-8C5770434D66}"
EndProject
Project("{9A19103F-16F7-4668-BE54-9A1E7A4F7556}") = "Goiar.Simple.Cqrs.persistance.rabbitmq", "src\Goiar.Simple.Cqrs.persistance.rabbitmq\Goiar.Simple.Cqrs.persistance.rabbitmq.csproj", "{F85F40DC-9DC1-4E61-AFB4-4F4CCEC0B0CC}"
EndProject
Project("{9A19103F-16F7-4668-BE54-9A1E7A4F7556}") = "Goiar.Simple.Cqrs.persistance.sqlserver", "src\Goiar.Simple.Cqrs.persistance.sqlserver\Goiar.Simple.Cqrs.persistance.sqlserver.csproj", "{912D090E-6E4B-46FB-AFE1-9A501DEFDFD2}"
EndProject
Project("{2150E333-8FDC-42A3-9474-1A3956D46DE8}") = "sample", "sample", "{80DF8160-1CE1-4660-85A0-C368E5BDAF44}"
EndProject
Project("{9A19103F-16F7-4668-BE54-9A1E7A4F7556}") = "goiar.simple.cqrs.sample.aspnetcore", "sample\Goiar.Simple.Cqrs.sample.aspnetcore\goiar.simple.cqrs.sample.aspnetcore.csproj", "{042CB9E1-D817-434D-9293-02FF2FC9C5F6}"
EndProject
Project("{9A19103F-16F7-4668-BE54-9A1E7A4F7556}") = "goiar.simple.cqrs.sample.aspnetcore.rabbitmq.pub", "sample\goiar.simple.cqrs.sample.aspnetcore.rabbitmq.pub\goiar.simple.cqrs.sample.aspnetcore.rabbitmq.pub.csproj", "{46C79DE9-327E-47E6-A935-84E6E3958657}"
EndProject
Project("{9A19103F-16F7-4668-BE54-9A1E7A4F7556}") = "goiar.simple.cqrs.sample.aspnetcore.rabbitmq.sub", "sample\goiar.simple.cqrs.sample.aspnetcore.rabbitmq.sub\goiar.simple.cqrs.sample.aspnetcore.rabbitmq.sub.csproj", "{DBC325FE-1CED-4694-8151-8375A5BAE1D9}"
EndProject
Project("{E53339B2-1760-4266-BCC7-CA923CBCF16C}") = "docker-compose", "docker-compose.dcproj", "{AF70B2E7-07F3-47E6-B150-BB12959AA2BC}"
EndProject
Global
	GlobalSection(SolutionConfigurationPlatforms) = preSolution
		Debug|Any CPU = Debug|Any CPU
		Debug|x64 = Debug|x64
		Debug|x86 = Debug|x86
		Release|Any CPU = Release|Any CPU
		Release|x64 = Release|x64
		Release|x86 = Release|x86
	EndGlobalSection
	GlobalSection(ProjectConfigurationPlatforms) = postSolution
		{BDF171AC-E76B-4AAB-83AB-C92D534B4623}.Debug|Any CPU.ActiveCfg = Debug|Any CPU
		{BDF171AC-E76B-4AAB-83AB-C92D534B4623}.Debug|Any CPU.Build.0 = Debug|Any CPU
		{BDF171AC-E76B-4AAB-83AB-C92D534B4623}.Debug|x64.ActiveCfg = Debug|Any CPU
		{BDF171AC-E76B-4AAB-83AB-C92D534B4623}.Debug|x64.Build.0 = Debug|Any CPU
		{BDF171AC-E76B-4AAB-83AB-C92D534B4623}.Debug|x86.ActiveCfg = Debug|Any CPU
		{BDF171AC-E76B-4AAB-83AB-C92D534B4623}.Debug|x86.Build.0 = Debug|Any CPU
		{BDF171AC-E76B-4AAB-83AB-C92D534B4623}.Release|Any CPU.ActiveCfg = Release|Any CPU
		{BDF171AC-E76B-4AAB-83AB-C92D534B4623}.Release|Any CPU.Build.0 = Release|Any CPU
		{BDF171AC-E76B-4AAB-83AB-C92D534B4623}.Release|x64.ActiveCfg = Release|Any CPU
		{BDF171AC-E76B-4AAB-83AB-C92D534B4623}.Release|x64.Build.0 = Release|Any CPU
		{BDF171AC-E76B-4AAB-83AB-C92D534B4623}.Release|x86.ActiveCfg = Release|Any CPU
		{BDF171AC-E76B-4AAB-83AB-C92D534B4623}.Release|x86.Build.0 = Release|Any CPU
		{C84D9759-EC92-4C06-995A-8C5770434D66}.Debug|Any CPU.ActiveCfg = Debug|Any CPU
		{C84D9759-EC92-4C06-995A-8C5770434D66}.Debug|Any CPU.Build.0 = Debug|Any CPU
		{C84D9759-EC92-4C06-995A-8C5770434D66}.Debug|x64.ActiveCfg = Debug|Any CPU
		{C84D9759-EC92-4C06-995A-8C5770434D66}.Debug|x64.Build.0 = Debug|Any CPU
		{C84D9759-EC92-4C06-995A-8C5770434D66}.Debug|x86.ActiveCfg = Debug|Any CPU
		{C84D9759-EC92-4C06-995A-8C5770434D66}.Debug|x86.Build.0 = Debug|Any CPU
		{C84D9759-EC92-4C06-995A-8C5770434D66}.Release|Any CPU.ActiveCfg = Release|Any CPU
		{C84D9759-EC92-4C06-995A-8C5770434D66}.Release|Any CPU.Build.0 = Release|Any CPU
		{C84D9759-EC92-4C06-995A-8C5770434D66}.Release|x64.ActiveCfg = Release|Any CPU
		{C84D9759-EC92-4C06-995A-8C5770434D66}.Release|x64.Build.0 = Release|Any CPU
		{C84D9759-EC92-4C06-995A-8C5770434D66}.Release|x86.ActiveCfg = Release|Any CPU
		{C84D9759-EC92-4C06-995A-8C5770434D66}.Release|x86.Build.0 = Release|Any CPU
		{F85F40DC-9DC1-4E61-AFB4-4F4CCEC0B0CC}.Debug|Any CPU.ActiveCfg = Debug|Any CPU
		{F85F40DC-9DC1-4E61-AFB4-4F4CCEC0B0CC}.Debug|Any CPU.Build.0 = Debug|Any CPU
		{F85F40DC-9DC1-4E61-AFB4-4F4CCEC0B0CC}.Debug|x64.ActiveCfg = Debug|Any CPU
		{F85F40DC-9DC1-4E61-AFB4-4F4CCEC0B0CC}.Debug|x64.Build.0 = Debug|Any CPU
		{F85F40DC-9DC1-4E61-AFB4-4F4CCEC0B0CC}.Debug|x86.ActiveCfg = Debug|Any CPU
		{F85F40DC-9DC1-4E61-AFB4-4F4CCEC0B0CC}.Debug|x86.Build.0 = Debug|Any CPU
		{F85F40DC-9DC1-4E61-AFB4-4F4CCEC0B0CC}.Release|Any CPU.ActiveCfg = Release|Any CPU
		{F85F40DC-9DC1-4E61-AFB4-4F4CCEC0B0CC}.Release|Any CPU.Build.0 = Release|Any CPU
		{F85F40DC-9DC1-4E61-AFB4-4F4CCEC0B0CC}.Release|x64.ActiveCfg = Release|Any CPU
		{F85F40DC-9DC1-4E61-AFB4-4F4CCEC0B0CC}.Release|x64.Build.0 = Release|Any CPU
		{F85F40DC-9DC1-4E61-AFB4-4F4CCEC0B0CC}.Release|x86.ActiveCfg = Release|Any CPU
		{F85F40DC-9DC1-4E61-AFB4-4F4CCEC0B0CC}.Release|x86.Build.0 = Release|Any CPU
		{912D090E-6E4B-46FB-AFE1-9A501DEFDFD2}.Debug|Any CPU.ActiveCfg = Debug|Any CPU
		{912D090E-6E4B-46FB-AFE1-9A501DEFDFD2}.Debug|Any CPU.Build.0 = Debug|Any CPU
		{912D090E-6E4B-46FB-AFE1-9A501DEFDFD2}.Debug|x64.ActiveCfg = Debug|Any CPU
		{912D090E-6E4B-46FB-AFE1-9A501DEFDFD2}.Debug|x64.Build.0 = Debug|Any CPU
		{912D090E-6E4B-46FB-AFE1-9A501DEFDFD2}.Debug|x86.ActiveCfg = Debug|Any CPU
		{912D090E-6E4B-46FB-AFE1-9A501DEFDFD2}.Debug|x86.Build.0 = Debug|Any CPU
		{912D090E-6E4B-46FB-AFE1-9A501DEFDFD2}.Release|Any CPU.ActiveCfg = Release|Any CPU
		{912D090E-6E4B-46FB-AFE1-9A501DEFDFD2}.Release|Any CPU.Build.0 = Release|Any CPU
		{912D090E-6E4B-46FB-AFE1-9A501DEFDFD2}.Release|x64.ActiveCfg = Release|Any CPU
		{912D090E-6E4B-46FB-AFE1-9A501DEFDFD2}.Release|x64.Build.0 = Release|Any CPU
		{912D090E-6E4B-46FB-AFE1-9A501DEFDFD2}.Release|x86.ActiveCfg = Release|Any CPU
		{912D090E-6E4B-46FB-AFE1-9A501DEFDFD2}.Release|x86.Build.0 = Release|Any CPU
		{042CB9E1-D817-434D-9293-02FF2FC9C5F6}.Debug|Any CPU.ActiveCfg = Debug|Any CPU
		{042CB9E1-D817-434D-9293-02FF2FC9C5F6}.Debug|Any CPU.Build.0 = Debug|Any CPU
		{042CB9E1-D817-434D-9293-02FF2FC9C5F6}.Debug|x64.ActiveCfg = Debug|Any CPU
		{042CB9E1-D817-434D-9293-02FF2FC9C5F6}.Debug|x64.Build.0 = Debug|Any CPU
		{042CB9E1-D817-434D-9293-02FF2FC9C5F6}.Debug|x86.ActiveCfg = Debug|Any CPU
		{042CB9E1-D817-434D-9293-02FF2FC9C5F6}.Debug|x86.Build.0 = Debug|Any CPU
		{042CB9E1-D817-434D-9293-02FF2FC9C5F6}.Release|Any CPU.ActiveCfg = Release|Any CPU
		{042CB9E1-D817-434D-9293-02FF2FC9C5F6}.Release|Any CPU.Build.0 = Release|Any CPU
		{042CB9E1-D817-434D-9293-02FF2FC9C5F6}.Release|x64.ActiveCfg = Release|Any CPU
		{042CB9E1-D817-434D-9293-02FF2FC9C5F6}.Release|x64.Build.0 = Release|Any CPU
		{042CB9E1-D817-434D-9293-02FF2FC9C5F6}.Release|x86.ActiveCfg = Release|Any CPU
		{042CB9E1-D817-434D-9293-02FF2FC9C5F6}.Release|x86.Build.0 = Release|Any CPU
		{46C79DE9-327E-47E6-A935-84E6E3958657}.Debug|Any CPU.ActiveCfg = Debug|Any CPU
		{46C79DE9-327E-47E6-A935-84E6E3958657}.Debug|Any CPU.Build.0 = Debug|Any CPU
		{46C79DE9-327E-47E6-A935-84E6E3958657}.Debug|x64.ActiveCfg = Debug|Any CPU
		{46C79DE9-327E-47E6-A935-84E6E3958657}.Debug|x64.Build.0 = Debug|Any CPU
		{46C79DE9-327E-47E6-A935-84E6E3958657}.Debug|x86.ActiveCfg = Debug|Any CPU
		{46C79DE9-327E-47E6-A935-84E6E3958657}.Debug|x86.Build.0 = Debug|Any CPU
		{46C79DE9-327E-47E6-A935-84E6E3958657}.Release|Any CPU.ActiveCfg = Release|Any CPU
		{46C79DE9-327E-47E6-A935-84E6E3958657}.Release|Any CPU.Build.0 = Release|Any CPU
		{46C79DE9-327E-47E6-A935-84E6E3958657}.Release|x64.ActiveCfg = Release|Any CPU
		{46C79DE9-327E-47E6-A935-84E6E3958657}.Release|x64.Build.0 = Release|Any CPU
		{46C79DE9-327E-47E6-A935-84E6E3958657}.Release|x86.ActiveCfg = Release|Any CPU
		{46C79DE9-327E-47E6-A935-84E6E3958657}.Release|x86.Build.0 = Release|Any CPU
		{DBC325FE-1CED-4694-8151-8375A5BAE1D9}.Debug|Any CPU.ActiveCfg = Debug|Any CPU
		{DBC325FE-1CED-4694-8151-8375A5BAE1D9}.Debug|Any CPU.Build.0 = Debug|Any CPU
		{DBC325FE-1CED-4694-8151-8375A5BAE1D9}.Debug|x64.ActiveCfg = Debug|Any CPU
		{DBC325FE-1CED-4694-8151-8375A5BAE1D9}.Debug|x64.Build.0 = Debug|Any CPU
		{DBC325FE-1CED-4694-8151-8375A5BAE1D9}.Debug|x86.ActiveCfg = Debug|Any CPU
		{DBC325FE-1CED-4694-8151-8375A5BAE1D9}.Debug|x86.Build.0 = Debug|Any CPU
		{DBC325FE-1CED-4694-8151-8375A5BAE1D9}.Release|Any CPU.ActiveCfg = Release|Any CPU
		{DBC325FE-1CED-4694-8151-8375A5BAE1D9}.Release|Any CPU.Build.0 = Release|Any CPU
		{DBC325FE-1CED-4694-8151-8375A5BAE1D9}.Release|x64.ActiveCfg = Release|Any CPU
		{DBC325FE-1CED-4694-8151-8375A5BAE1D9}.Release|x64.Build.0 = Release|Any CPU
		{DBC325FE-1CED-4694-8151-8375A5BAE1D9}.Release|x86.ActiveCfg = Release|Any CPU
		{DBC325FE-1CED-4694-8151-8375A5BAE1D9}.Release|x86.Build.0 = Release|Any CPU
		{AF70B2E7-07F3-47E6-B150-BB12959AA2BC}.Debug|Any CPU.ActiveCfg = Debug|Any CPU
		{AF70B2E7-07F3-47E6-B150-BB12959AA2BC}.Debug|Any CPU.Build.0 = Debug|Any CPU
		{AF70B2E7-07F3-47E6-B150-BB12959AA2BC}.Debug|x64.ActiveCfg = Debug|Any CPU
		{AF70B2E7-07F3-47E6-B150-BB12959AA2BC}.Debug|x64.Build.0 = Debug|Any CPU
		{AF70B2E7-07F3-47E6-B150-BB12959AA2BC}.Debug|x86.ActiveCfg = Debug|Any CPU
		{AF70B2E7-07F3-47E6-B150-BB12959AA2BC}.Debug|x86.Build.0 = Debug|Any CPU
		{AF70B2E7-07F3-47E6-B150-BB12959AA2BC}.Release|Any CPU.ActiveCfg = Release|Any CPU
		{AF70B2E7-07F3-47E6-B150-BB12959AA2BC}.Release|Any CPU.Build.0 = Release|Any CPU
		{AF70B2E7-07F3-47E6-B150-BB12959AA2BC}.Release|x64.ActiveCfg = Release|Any CPU
		{AF70B2E7-07F3-47E6-B150-BB12959AA2BC}.Release|x64.Build.0 = Release|Any CPU
		{AF70B2E7-07F3-47E6-B150-BB12959AA2BC}.Release|x86.ActiveCfg = Release|Any CPU
		{AF70B2E7-07F3-47E6-B150-BB12959AA2BC}.Release|x86.Build.0 = Release|Any CPU
	EndGlobalSection
	GlobalSection(SolutionProperties) = preSolution
		HideSolutionNode = FALSE
	EndGlobalSection
	GlobalSection(NestedProjects) = preSolution
		{BDF171AC-E76B-4AAB-83AB-C92D534B4623} = {B928702E-3438-40BB-B6A5-DEBDB5D09F6A}
		{C84D9759-EC92-4C06-995A-8C5770434D66} = {83D59BE5-6E80-41B6-AE05-1C8B80872B04}
		{F85F40DC-9DC1-4E61-AFB4-4F4CCEC0B0CC} = {B928702E-3438-40BB-B6A5-DEBDB5D09F6A}
		{912D090E-6E4B-46FB-AFE1-9A501DEFDFD2} = {B928702E-3438-40BB-B6A5-DEBDB5D09F6A}
		{042CB9E1-D817-434D-9293-02FF2FC9C5F6} = {80DF8160-1CE1-4660-85A0-C368E5BDAF44}
		{46C79DE9-327E-47E6-A935-84E6E3958657} = {80DF8160-1CE1-4660-85A0-C368E5BDAF44}
		{DBC325FE-1CED-4694-8151-8375A5BAE1D9} = {80DF8160-1CE1-4660-85A0-C368E5BDAF44}
	EndGlobalSection
	GlobalSection(ExtensibilityGlobals) = postSolution
		SolutionGuid = {F37C8175-5BF8-4B46-B60E-74363E277171}
	EndGlobalSection
EndGlobal
